
Microsoft Visual Studio Solution File, Format Version 12.00
# Visual Studio Version 16
VisualStudioVersion = 16.0.31515.178
MinimumVisualStudioVersion = 10.0.40219.1
Project("{FAE04EC0-301F-11D3-BF4B-00C04F79EFBC}") = "UC2", "UC2\UC2.csproj", "{18A660F2-F318-4975-835B-C3FCF267C5EE}"
EndProject
Global
	GlobalSection(SolutionConfigurationPlatforms) = preSolution
		Debug|Any CPU = Debug|Any CPU
		Release|Any CPU = Release|Any CPU
	EndGlobalSection
	GlobalSection(ProjectConfigurationPlatforms) = postSolution
		{18A660F2-F318-4975-835B-C3FCF267C5EE}.Debug|Any CPU.ActiveCfg = Debug|Any CPU
		{18A660F2-F318-4975-835B-C3FCF267C5EE}.Debug|Any CPU.Build.0 = Debug|Any CPU
		{18A660F2-F318-4975-835B-C3FCF267C5EE}.Release|Any CPU.ActiveCfg = Release|Any CPU
		{18A660F2-F318-4975-835B-C3FCF267C5EE}.Release|Any CPU.Build.0 = Release|Any CPU
	EndGlobalSection
	GlobalSection(SolutionProperties) = preSolution
		HideSolutionNode = FALSE
	EndGlobalSection
	GlobalSection(ExtensibilityGlobals) = postSolution
		SolutionGuid = {537DDE15-5977-4BA8-9C2E-BCA348238A67}
	EndGlobalSection
EndGlobal
