
Microsoft Visual Studio Solution File, Format Version 12.00
# Visual Studio Version 16
VisualStudioVersion = 16.0.31515.178
MinimumVisualStudioVersion = 10.0.40219.1
Project("{FAE04EC0-301F-11D3-BF4B-00C04F79EFBC}") = "UC7", "UC7\UC7.csproj", "{7F513611-E8C4-4E87-9387-FAFC0C5595F7}"
EndProject
Global
	GlobalSection(SolutionConfigurationPlatforms) = preSolution
		Debug|Any CPU = Debug|Any CPU
		Release|Any CPU = Release|Any CPU
	EndGlobalSection
	GlobalSection(ProjectConfigurationPlatforms) = postSolution
		{7F513611-E8C4-4E87-9387-FAFC0C5595F7}.Debug|Any CPU.ActiveCfg = Debug|Any CPU
		{7F513611-E8C4-4E87-9387-FAFC0C5595F7}.Debug|Any CPU.Build.0 = Debug|Any CPU
		{7F513611-E8C4-4E87-9387-FAFC0C5595F7}.Release|Any CPU.ActiveCfg = Release|Any CPU
		{7F513611-E8C4-4E87-9387-FAFC0C5595F7}.Release|Any CPU.Build.0 = Release|Any CPU
	EndGlobalSection
	GlobalSection(SolutionProperties) = preSolution
		HideSolutionNode = FALSE
	EndGlobalSection
	GlobalSection(ExtensibilityGlobals) = postSolution
		SolutionGuid = {5F11C292-9A06-4601-B86D-67ADCCD14B0E}
	EndGlobalSection
EndGlobal
