
Microsoft Visual Studio Solution File, Format Version 12.00
# Visual Studio Version 16
VisualStudioVersion = 16.0.31515.178
MinimumVisualStudioVersion = 10.0.40219.1
Project("{FAE04EC0-301F-11D3-BF4B-00C04F79EFBC}") = "Stack UC1", "Stack UC1\Stack UC1.csproj", "{54DEADDD-7BF6-44FF-95AA-F5CF2E63EBC7}"
EndProject
Global
	GlobalSection(SolutionConfigurationPlatforms) = preSolution
		Debug|Any CPU = Debug|Any CPU
		Release|Any CPU = Release|Any CPU
	EndGlobalSection
	GlobalSection(ProjectConfigurationPlatforms) = postSolution
		{54DEADDD-7BF6-44FF-95AA-F5CF2E63EBC7}.Debug|Any CPU.ActiveCfg = Debug|Any CPU
		{54DEADDD-7BF6-44FF-95AA-F5CF2E63EBC7}.Debug|Any CPU.Build.0 = Debug|Any CPU
		{54DEADDD-7BF6-44FF-95AA-F5CF2E63EBC7}.Release|Any CPU.ActiveCfg = Release|Any CPU
		{54DEADDD-7BF6-44FF-95AA-F5CF2E63EBC7}.Release|Any CPU.Build.0 = Release|Any CPU
	EndGlobalSection
	GlobalSection(SolutionProperties) = preSolution
		HideSolutionNode = FALSE
	EndGlobalSection
	GlobalSection(ExtensibilityGlobals) = postSolution
		SolutionGuid = {D0AFDFC8-EC3A-4A7D-94A8-38D91196AB59}
	EndGlobalSection
EndGlobal
